
Microsoft Visual Studio Solution File, Format Version 12.00
# Visual Studio 2015
Project("{FAE04EC0-301F-11D3-BF4B-00C04F79EFBC}") = "Varita.Plugins", "Varita.Plugins.csproj", "{02E30439-567C-117F-D38A-75E62E981B72}"
EndProject
Project("{FAE04EC0-301F-11D3-BF4B-00C04F79EFBC}") = "Varita", "Varita.csproj", "{373D4367-135F-4CD3-BA73-C800C9F7B6D7}"
EndProject
Project("{FAE04EC0-301F-11D3-BF4B-00C04F79EFBC}") = "Varita.Editor", "Varita.Editor.csproj", "{202977C8-FA3F-DDB9-E19A-BA1B9A3A6894}"
EndProject
Global
	GlobalSection(SolutionConfigurationPlatforms) = preSolution
		Debug|Any CPU = Debug|Any CPU
		Release|Any CPU = Release|Any CPU
	EndGlobalSection
	GlobalSection(ProjectConfigurationPlatforms) = postSolution
		{02E30439-567C-117F-D38A-75E62E981B72}.Debug|Any CPU.ActiveCfg = Debug|Any CPU
		{02E30439-567C-117F-D38A-75E62E981B72}.Debug|Any CPU.Build.0 = Debug|Any CPU
		{02E30439-567C-117F-D38A-75E62E981B72}.Release|Any CPU.ActiveCfg = Release|Any CPU
		{02E30439-567C-117F-D38A-75E62E981B72}.Release|Any CPU.Build.0 = Release|Any CPU
		{373D4367-135F-4CD3-BA73-C800C9F7B6D7}.Debug|Any CPU.ActiveCfg = Debug|Any CPU
		{373D4367-135F-4CD3-BA73-C800C9F7B6D7}.Debug|Any CPU.Build.0 = Debug|Any CPU
		{373D4367-135F-4CD3-BA73-C800C9F7B6D7}.Release|Any CPU.ActiveCfg = Release|Any CPU
		{373D4367-135F-4CD3-BA73-C800C9F7B6D7}.Release|Any CPU.Build.0 = Release|Any CPU
		{202977C8-FA3F-DDB9-E19A-BA1B9A3A6894}.Debug|Any CPU.ActiveCfg = Debug|Any CPU
		{202977C8-FA3F-DDB9-E19A-BA1B9A3A6894}.Debug|Any CPU.Build.0 = Debug|Any CPU
		{202977C8-FA3F-DDB9-E19A-BA1B9A3A6894}.Release|Any CPU.ActiveCfg = Release|Any CPU
		{202977C8-FA3F-DDB9-E19A-BA1B9A3A6894}.Release|Any CPU.Build.0 = Release|Any CPU
	EndGlobalSection
	GlobalSection(SolutionProperties) = preSolution
		HideSolutionNode = FALSE
	EndGlobalSection
EndGlobal
